// !$*UTF8*$!
{
	archiveVersion = 1;
	classes = {
	};
	objectVersion = 46;
	objects = {

/* Begin PBXBuildFile section */
		683D9DD61D547DEB007B994F /* main.m in Sources */ = {isa = PBXBuildFile; fileRef = 683D9DD51D547DEB007B994F /* main.m */; };
		683D9DD91D547DEB007B994F /* AppDelegate.m in Sources */ = {isa = PBXBuildFile; fileRef = 683D9DD81D547DEB007B994F /* AppDelegate.m */; };
		683D9DDC1D547DEB007B994F /* ViewController.m in Sources */ = {isa = PBXBuildFile; fileRef = 683D9DDB1D547DEB007B994F /* ViewController.m */; };
		683D9DDF1D547DEB007B994F /* Main.storyboard in Resources */ = {isa = PBXBuildFile; fileRef = 683D9DDD1D547DEB007B994F /* Main.storyboard */; };
		683D9DE11D547DEB007B994F /* Assets.xcassets in Resources */ = {isa = PBXBuildFile; fileRef = 683D9DE01D547DEB007B994F /* Assets.xcassets */; };
		683D9DE41D547DEB007B994F /* LaunchScreen.storyboard in Resources */ = {isa = PBXBuildFile; fileRef = 683D9DE21D547DEB007B994F /* LaunchScreen.storyboard */; };
		683D9DEF1D547DEB007B994F /* Runtime______Tests.m in Sources */ = {isa = PBXBuildFile; fileRef = 683D9DEE1D547DEB007B994F /* Runtime______Tests.m */; };
		683D9DFA1D547DEB007B994F /* Runtime______UITests.m in Sources */ = {isa = PBXBuildFile; fileRef = 683D9DF91D547DEB007B994F /* Runtime______UITests.m */; };
		683D9E091D547E0F007B994F /* KeyBoardTool.m in Sources */ = {isa = PBXBuildFile; fileRef = 683D9E081D547E0F007B994F /* KeyBoardTool.m */; };
		683D9E0B1D547EBA007B994F /* closed.png in Resources */ = {isa = PBXBuildFile; fileRef = 683D9E0A1D547EBA007B994F /* closed.png */; };
		683F9E3C1D586AE9003FD31B /* KeyBoardTool+KeytoolCategory.m in Sources */ = {isa = PBXBuildFile; fileRef = 683F9E3B1D586AE9003FD31B /* KeyBoardTool+KeytoolCategory.m */; };
		683F9E3F1D586BC1003FD31B /* ViewController+VVC.m in Sources */ = {isa = PBXBuildFile; fileRef = 683F9E3E1D586BC1003FD31B /* ViewController+VVC.m */; };
/* End PBXBuildFile section */

/* Begin PBXContainerItemProxy section */
		683D9DEB1D547DEB007B994F /* PBXContainerItemProxy */ = {
			isa = PBXContainerItemProxy;
			containerPortal = 683D9DC91D547DEB007B994F /* Project object */;
			proxyType = 1;
			remoteGlobalIDString = 683D9DD01D547DEB007B994F;
			remoteInfo = "Runtime动态添加属性";
		};
		683D9DF61D547DEB007B994F /* PBXContainerItemProxy */ = {
			isa = PBXContainerItemProxy;
			containerPortal = 683D9DC91D547DEB007B994F /* Project object */;
			proxyType = 1;
			remoteGlobalIDString = 683D9DD01D547DEB007B994F;
			remoteInfo = "Runtime动态添加属性";
		};
/* End PBXContainerItemProxy section */

/* Begin PBXFileReference section */
		683D9DD11D547DEB007B994F /* Runtime动态添加属性.app */ = {isa = PBXFileReference; explicitFileType = wrapper.application; includeInIndex = 0; path = "Runtime动态添加属性.app"; sourceTree = BUILT_PRODUCTS_DIR; };
		683D9DD51D547DEB007B994F /* main.m */ = {isa = PBXFileReference; lastKnownFileType = sourcecode.c.objc; path = main.m; sourceTree = "<group>"; };
		683D9DD71D547DEB007B994F /* AppDelegate.h */ = {isa = PBXFileReference; lastKnownFileType = sourcecode.c.h; path = AppDelegate.h; sourceTree = "<group>"; };
		683D9DD81D547DEB007B994F /* AppDelegate.m */ = {isa = PBXFileReference; lastKnownFileType = sourcecode.c.objc; path = AppDelegate.m; sourceTree = "<group>"; };
		683D9DDA1D547DEB007B994F /* ViewController.h */ = {isa = PBXFileReference; lastKnownFileType = sourcecode.c.h; path = ViewController.h; sourceTree = "<group>"; };
		683D9DDB1D547DEB007B994F /* ViewController.m */ = {isa = PBXFileReference; lastKnownFileType = sourcecode.c.objc; path = ViewController.m; sourceTree = "<group>"; };
		683D9DDE1D547DEB007B994F /* Base */ = {isa = PBXFileReference; lastKnownFileType = file.storyboard; name = Base; path = Base.lproj/Main.storyboard; sourceTree = "<group>"; };
		683D9DE01D547DEB007B994F /* Assets.xcassets */ = {isa = PBXFileReference; lastKnownFileType = folder.assetcatalog; path = Assets.xcassets; sourceTree = "<group>"; };
		683D9DE31D547DEB007B994F /* Base */ = {isa = PBXFileReference; lastKnownFileType = file.storyboard; name = Base; path = Base.lproj/LaunchScreen.storyboard; sourceTree = "<group>"; };
		683D9DE51D547DEB007B994F /* Info.plist */ = {isa = PBXFileReference; lastKnownFileType = text.plist.xml; path = Info.plist; sourceTree = "<group>"; };
		683D9DEA1D547DEB007B994F /* Runtime动态添加属性Tests.xctest */ = {isa = PBXFileReference; explicitFileType = wrapper.cfbundle; includeInIndex = 0; path = "Runtime动态添加属性Tests.xctest"; sourceTree = BUILT_PRODUCTS_DIR; };
		683D9DEE1D547DEB007B994F /* Runtime______Tests.m */ = {isa = PBXFileReference; lastKnownFileType = sourcecode.c.objc; path = "Runtime______Tests.m"; sourceTree = "<group>"; };
		683D9DF01D547DEB007B994F /* Info.plist */ = {isa = PBXFileReference; lastKnownFileType = text.plist.xml; path = Info.plist; sourceTree = "<group>"; };
		683D9DF51D547DEB007B994F /* Runtime动态添加属性UITests.xctest */ = {isa = PBXFileReference; explicitFileType = wrapper.cfbundle; includeInIndex = 0; path = "Runtime动态添加属性UITests.xctest"; sourceTree = BUILT_PRODUCTS_DIR; };
		683D9DF91D547DEB007B994F /* Runtime______UITests.m */ = {isa = PBXFileReference; lastKnownFileType = sourcecode.c.objc; path = "Runtime______UITests.m"; sourceTree = "<group>"; };
		683D9DFB1D547DEB007B994F /* Info.plist */ = {isa = PBXFileReference; lastKnownFileType = text.plist.xml; path = Info.plist; sourceTree = "<group>"; };
		683D9E071D547E0F007B994F /* KeyBoardTool.h */ = {isa = PBXFileReference; fileEncoding = 4; lastKnownFileType = sourcecode.c.h; path = KeyBoardTool.h; sourceTree = "<group>"; };
		683D9E081D547E0F007B994F /* KeyBoardTool.m */ = {isa = PBXFileReference; fileEncoding = 4; lastKnownFileType = sourcecode.c.objc; path = KeyBoardTool.m; sourceTree = "<group>"; };
		683D9E0A1D547EBA007B994F /* closed.png */ = {isa = PBXFileReference; lastKnownFileType = image.png; path = closed.png; sourceTree = "<group>"; };
		683F9E3A1D586AE9003FD31B /* KeyBoardTool+KeytoolCategory.h */ = {isa = PBXFileReference; fileEncoding = 4; lastKnownFileType = sourcecode.c.h; path = "KeyBoardTool+KeytoolCategory.h"; sourceTree = "<group>"; };
		683F9E3B1D586AE9003FD31B /* KeyBoardTool+KeytoolCategory.m */ = {isa = PBXFileReference; fileEncoding = 4; lastKnownFileType = sourcecode.c.objc; path = "KeyBoardTool+KeytoolCategory.m"; sourceTree = "<group>"; };
		683F9E3D1D586BC1003FD31B /* ViewController+VVC.h */ = {isa = PBXFileReference; fileEncoding = 4; lastKnownFileType = sourcecode.c.h; path = "ViewController+VVC.h"; sourceTree = "<group>"; };
		683F9E3E1D586BC1003FD31B /* ViewController+VVC.m */ = {isa = PBXFileReference; fileEncoding = 4; lastKnownFileType = sourcecode.c.objc; path = "ViewController+VVC.m"; sourceTree = "<group>"; };
/* End PBXFileReference section */

/* Begin PBXFrameworksBuildPhase section */
		683D9DCE1D547DEB007B994F /* Frameworks */ = {
			isa = PBXFrameworksBuildPhase;
			buildActionMask = 2147483647;
			files = (
			);
			runOnlyForDeploymentPostprocessing = 0;
		};
		683D9DE71D547DEB007B994F /* Frameworks */ = {
			isa = PBXFrameworksBuildPhase;
			buildActionMask = 2147483647;
			files = (
			);
			runOnlyForDeploymentPostprocessing = 0;
		};
		683D9DF21D547DEB007B994F /* Frameworks */ = {
			isa = PBXFrameworksBuildPhase;
			buildActionMask = 2147483647;
			files = (
			);
			runOnlyForDeploymentPostprocessing = 0;
		};
/* End PBXFrameworksBuildPhase section */

/* Begin PBXGroup section */
		683D9DC81D547DEB007B994F = {
			isa = PBXGroup;
			children = (
				683D9DD31D547DEB007B994F /* Runtime动态添加属性 */,
				683D9DED1D547DEB007B994F /* Runtime动态添加属性Tests */,
				683D9DF81D547DEB007B994F /* Runtime动态添加属性UITests */,
				683D9DD21D547DEB007B994F /* Products */,
			);
			sourceTree = "<group>";
		};
		683D9DD21D547DEB007B994F /* Products */ = {
			isa = PBXGroup;
			children = (
				683D9DD11D547DEB007B994F /* Runtime动态添加属性.app */,
				683D9DEA1D547DEB007B994F /* Runtime动态添加属性Tests.xctest */,
				683D9DF51D547DEB007B994F /* Runtime动态添加属性UITests.xctest */,
			);
			name = Products;
			sourceTree = "<group>";
		};
		683D9DD31D547DEB007B994F /* Runtime动态添加属性 */ = {
			isa = PBXGroup;
			children = (
				683D9DD71D547DEB007B994F /* AppDelegate.h */,
				683D9DD81D547DEB007B994F /* AppDelegate.m */,
				683D9DDA1D547DEB007B994F /* ViewController.h */,
				683D9DDB1D547DEB007B994F /* ViewController.m */,
				683D9E071D547E0F007B994F /* KeyBoardTool.h */,
				683D9E081D547E0F007B994F /* KeyBoardTool.m */,
				683F9E3A1D586AE9003FD31B /* KeyBoardTool+KeytoolCategory.h */,
				683F9E3B1D586AE9003FD31B /* KeyBoardTool+KeytoolCategory.m */,
				683F9E3D1D586BC1003FD31B /* ViewController+VVC.h */,
				683F9E3E1D586BC1003FD31B /* ViewController+VVC.m */,
				683D9E0A1D547EBA007B994F /* closed.png */,
				683D9DDD1D547DEB007B994F /* Main.storyboard */,
				683D9DE01D547DEB007B994F /* Assets.xcassets */,
				683D9DE21D547DEB007B994F /* LaunchScreen.storyboard */,
				683D9DE51D547DEB007B994F /* Info.plist */,
				683D9DD41D547DEB007B994F /* Supporting Files */,
			);
			path = "Runtime动态添加属性";
			sourceTree = "<group>";
		};
		683D9DD41D547DEB007B994F /* Supporting Files */ = {
			isa = PBXGroup;
			children = (
				683D9DD51D547DEB007B994F /* main.m */,
			);
			name = "Supporting Files";
			sourceTree = "<group>";
		};
		683D9DED1D547DEB007B994F /* Runtime动态添加属性Tests */ = {
			isa = PBXGroup;
			children = (
				683D9DEE1D547DEB007B994F /* Runtime______Tests.m */,
				683D9DF01D547DEB007B994F /* Info.plist */,
			);
			path = "Runtime动态添加属性Tests";
			sourceTree = "<group>";
		};
		683D9DF81D547DEB007B994F /* Runtime动态添加属性UITests */ = {
			isa = PBXGroup;
			children = (
				683D9DF91D547DEB007B994F /* Runtime______UITests.m */,
				683D9DFB1D547DEB007B994F /* Info.plist */,
			);
			path = "Runtime动态添加属性UITests";
			sourceTree = "<group>";
		};
/* End PBXGroup section */

/* Begin PBXNativeTarget section */
		683D9DD01D547DEB007B994F /* Runtime动态添加属性 */ = {
			isa = PBXNativeTarget;
			buildConfigurationList = 683D9DFE1D547DEB007B994F /* Build configuration list for PBXNativeTarget "Runtime动态添加属性" */;
			buildPhases = (
				683D9DCD1D547DEB007B994F /* Sources */,
				683D9DCE1D547DEB007B994F /* Frameworks */,
				683D9DCF1D547DEB007B994F /* Resources */,
			);
			buildRules = (
			);
			dependencies = (
			);
			name = "Runtime动态添加属性";
			productName = "Runtime动态添加属性";
			productReference = 683D9DD11D547DEB007B994F /* Runtime动态添加属性.app */;
			productType = "com.apple.product-type.application";
		};
		683D9DE91D547DEB007B994F /* Runtime动态添加属性Tests */ = {
			isa = PBXNativeTarget;
			buildConfigurationList = 683D9E011D547DEB007B994F /* Build configuration list for PBXNativeTarget "Runtime动态添加属性Tests" */;
			buildPhases = (
				683D9DE61D547DEB007B994F /* Sources */,
				683D9DE71D547DEB007B994F /* Frameworks */,
				683D9DE81D547DEB007B994F /* Resources */,
			);
			buildRules = (
			);
			dependencies = (
				683D9DEC1D547DEB007B994F /* PBXTargetDependency */,
			);
			name = "Runtime动态添加属性Tests";
			productName = "Runtime动态添加属性Tests";
			productReference = 683D9DEA1D547DEB007B994F /* Runtime动态添加属性Tests.xctest */;
			productType = "com.apple.product-type.bundle.unit-test";
		};
		683D9DF41D547DEB007B994F /* Runtime动态添加属性UITests */ = {
			isa = PBXNativeTarget;
			buildConfigurationList = 683D9E041D547DEB007B994F /* Build configuration list for PBXNativeTarget "Runtime动态添加属性UITests" */;
			buildPhases = (
				683D9DF11D547DEB007B994F /* Sources */,
				683D9DF21D547DEB007B994F /* Frameworks */,
				683D9DF31D547DEB007B994F /* Resources */,
			);
			buildRules = (
			);
			dependencies = (
				683D9DF71D547DEB007B994F /* PBXTargetDependency */,
			);
			name = "Runtime动态添加属性UITests";
			productName = "Runtime动态添加属性UITests";
			productReference = 683D9DF51D547DEB007B994F /* Runtime动态添加属性UITests.xctest */;
			productType = "com.apple.product-type.bundle.ui-testing";
		};
/* End PBXNativeTarget section */

/* Begin PBXProject section */
		683D9DC91D547DEB007B994F /* Project object */ = {
			isa = PBXProject;
			attributes = {
				LastUpgradeCheck = 0730;
				ORGANIZATIONNAME = CodingFire;
				TargetAttributes = {
					683D9DD01D547DEB007B994F = {
						CreatedOnToolsVersion = 7.3.1;
					};
					683D9DE91D547DEB007B994F = {
						CreatedOnToolsVersion = 7.3.1;
						TestTargetID = 683D9DD01D547DEB007B994F;
					};
					683D9DF41D547DEB007B994F = {
						CreatedOnToolsVersion = 7.3.1;
						TestTargetID = 683D9DD01D547DEB007B994F;
					};
				};
			};
			buildConfigurationList = 683D9DCC1D547DEB007B994F /* Build configuration list for PBXProject "Runtime动态添加属性" */;
			compatibilityVersion = "Xcode 3.2";
			developmentRegion = English;
			hasScannedForEncodings = 0;
			knownRegions = (
				en,
				Base,
			);
			mainGroup = 683D9DC81D547DEB007B994F;
			productRefGroup = 683D9DD21D547DEB007B994F /* Products */;
			projectDirPath = "";
			projectRoot = "";
			targets = (
				683D9DD01D547DEB007B994F /* Runtime动态添加属性 */,
				683D9DE91D547DEB007B994F /* Runtime动态添加属性Tests */,
				683D9DF41D547DEB007B994F /* Runtime动态添加属性UITests */,
			);
		};
/* End PBXProject section */

/* Begin PBXResourcesBuildPhase section */
		683D9DCF1D547DEB007B994F /* Resources */ = {
			isa = PBXResourcesBuildPhase;
			buildActionMask = 2147483647;
			files = (
				683D9DE41D547DEB007B994F /* LaunchScreen.storyboard in Resources */,
				683D9DE11D547DEB007B994F /* Assets.xcassets in Resources */,
				683D9DDF1D547DEB007B994F /* Main.storyboard in Resources */,
				683D9E0B1D547EBA007B994F /* closed.png in Resources */,
			);
			runOnlyForDeploymentPostprocessing = 0;
		};
		683D9DE81D547DEB007B994F /* Resources */ = {
			isa = PBXResourcesBuildPhase;
			buildActionMask = 2147483647;
			files = (
			);
			runOnlyForDeploymentPostprocessing = 0;
		};
		683D9DF31D547DEB007B994F /* Resources */ = {
			isa = PBXResourcesBuildPhase;
			buildActionMask = 2147483647;
			files = (
			);
			runOnlyForDeploymentPostprocessing = 0;
		};
/* End PBXResourcesBuildPhase section */

/* Begin PBXSourcesBuildPhase section */
		683D9DCD1D547DEB007B994F /* Sources */ = {
			isa = PBXSourcesBuildPhase;
			buildActionMask = 2147483647;
			files = (
				683D9E091D547E0F007B994F /* KeyBoardTool.m in Sources */,
				683D9DDC1D547DEB007B994F /* ViewController.m in Sources */,
				683F9E3C1D586AE9003FD31B /* KeyBoardTool+KeytoolCategory.m in Sources */,
				683D9DD91D547DEB007B994F /* AppDelegate.m in Sources */,
				683F9E3F1D586BC1003FD31B /* ViewController+VVC.m in Sources */,
				683D9DD61D547DEB007B994F /* main.m in Sources */,
			);
			runOnlyForDeploymentPostprocessing = 0;
		};
		683D9DE61D547DEB007B994F /* Sources */ = {
			isa = PBXSourcesBuildPhase;
			buildActionMask = 2147483647;
			files = (
				683D9DEF1D547DEB007B994F /* Runtime______Tests.m in Sources */,
			);
			runOnlyForDeploymentPostprocessing = 0;
		};
		683D9DF11D547DEB007B994F /* Sources */ = {
			isa = PBXSourcesBuildPhase;
			buildActionMask = 2147483647;
			files = (
				683D9DFA1D547DEB007B994F /* Runtime______UITests.m in Sources */,
			);
			runOnlyForDeploymentPostprocessing = 0;
		};
/* End PBXSourcesBuildPhase section */

/* Begin PBXTargetDependency section */
		683D9DEC1D547DEB007B994F /* PBXTargetDependency */ = {
			isa = PBXTargetDependency;
			target = 683D9DD01D547DEB007B994F /* Runtime动态添加属性 */;
			targetProxy = 683D9DEB1D547DEB007B994F /* PBXContainerItemProxy */;
		};
		683D9DF71D547DEB007B994F /* PBXTargetDependency */ = {
			isa = PBXTargetDependency;
			target = 683D9DD01D547DEB007B994F /* Runtime动态添加属性 */;
			targetProxy = 683D9DF61D547DEB007B994F /* PBXContainerItemProxy */;
		};
/* End PBXTargetDependency section */

/* Begin PBXVariantGroup section */
		683D9DDD1D547DEB007B994F /* Main.storyboard */ = {
			isa = PBXVariantGroup;
			children = (
				683D9DDE1D547DEB007B994F /* Base */,
			);
			name = Main.storyboard;
			sourceTree = "<group>";
		};
		683D9DE21D547DEB007B994F /* LaunchScreen.storyboard */ = {
			isa = PBXVariantGroup;
			children = (
				683D9DE31D547DEB007B994F /* Base */,
			);
			name = LaunchScreen.storyboard;
			sourceTree = "<group>";
		};
/* End PBXVariantGroup section */

/* Begin XCBuildConfiguration section */
		683D9DFC1D547DEB007B994F /* Debug */ = {
			isa = XCBuildConfiguration;
			buildSettings = {
				ALWAYS_SEARCH_USER_PATHS = NO;
				CLANG_ANALYZER_NONNULL = YES;
				CLANG_CXX_LANGUAGE_STANDARD = "gnu++0x";
				CLANG_CXX_LIBRARY = "libc++";
				CLANG_ENABLE_MODULES = YES;
				CLANG_ENABLE_OBJC_ARC = YES;
				CLANG_WARN_BOOL_CONVERSION = YES;
				CLANG_WARN_CONSTANT_CONVERSION = YES;
				CLANG_WARN_DIRECT_OBJC_ISA_USAGE = YES_ERROR;
				CLANG_WARN_EMPTY_BODY = YES;
				CLANG_WARN_ENUM_CONVERSION = YES;
				CLANG_WARN_INT_CONVERSION = YES;
				CLANG_WARN_OBJC_ROOT_CLASS = YES_ERROR;
				CLANG_WARN_UNREACHABLE_CODE = YES;
				CLANG_WARN__DUPLICATE_METHOD_MATCH = YES;
				"CODE_SIGN_IDENTITY[sdk=iphoneos*]" = "iPhone Developer";
				COPY_PHASE_STRIP = NO;
				DEBUG_INFORMATION_FORMAT = dwarf;
				ENABLE_STRICT_OBJC_MSGSEND = YES;
				ENABLE_TESTABILITY = YES;
				GCC_C_LANGUAGE_STANDARD = gnu99;
				GCC_DYNAMIC_NO_PIC = NO;
				GCC_NO_COMMON_BLOCKS = YES;
				GCC_OPTIMIZATION_LEVEL = 0;
				GCC_PREPROCESSOR_DEFINITIONS = (
					"DEBUG=1",
					"$(inherited)",
				);
				GCC_WARN_64_TO_32_BIT_CONVERSION = YES;
				GCC_WARN_ABOUT_RETURN_TYPE = YES_ERROR;
				GCC_WARN_UNDECLARED_SELECTOR = YES;
				GCC_WARN_UNINITIALIZED_AUTOS = YES_AGGRESSIVE;
				GCC_WARN_UNUSED_FUNCTION = YES;
				GCC_WARN_UNUSED_VARIABLE = YES;
				IPHONEOS_DEPLOYMENT_TARGET = 9.3;
				MTL_ENABLE_DEBUG_INFO = YES;
				ONLY_ACTIVE_ARCH = YES;
				SDKROOT = iphoneos;
			};
			name = Debug;
		};
		683D9DFD1D547DEB007B994F /* Release */ = {
			isa = XCBuildConfiguration;
			buildSettings = {
				ALWAYS_SEARCH_USER_PATHS = NO;
				CLANG_ANALYZER_NONNULL = YES;
				CLANG_CXX_LANGUAGE_STANDARD = "gnu++0x";
				CLANG_CXX_LIBRARY = "libc++";
				CLANG_ENABLE_MODULES = YES;
				CLANG_ENABLE_OBJC_ARC = YES;
				CLANG_WARN_BOOL_CONVERSION = YES;
				CLANG_WARN_CONSTANT_CONVERSION = YES;
				CLANG_WARN_DIRECT_OBJC_ISA_USAGE = YES_ERROR;
				CLANG_WARN_EMPTY_BODY = YES;
				CLANG_WARN_ENUM_CONVERSION = YES;
				CLANG_WARN_INT_CONVERSION = YES;
				CLANG_WARN_OBJC_ROOT_CLASS = YES_ERROR;
				CLANG_WARN_UNREACHABLE_CODE = YES;
				CLANG_WARN__DUPLICATE_METHOD_MATCH = YES;
				"CODE_SIGN_IDENTITY[sdk=iphoneos*]" = "iPhone Developer";
				COPY_PHASE_STRIP = NO;
				DEBUG_INFORMATION_FORMAT = "dwarf-with-dsym";
				ENABLE_NS_ASSERTIONS = NO;
				ENABLE_STRICT_OBJC_MSGSEND = YES;
				GCC_C_LANGUAGE_STANDARD = gnu99;
				GCC_NO_COMMON_BLOCKS = YES;
				GCC_WARN_64_TO_32_BIT_CONVERSION = YES;
				GCC_WARN_ABOUT_RETURN_TYPE = YES_ERROR;
				GCC_WARN_UNDECLARED_SELECTOR = YES;
				GCC_WARN_UNINITIALIZED_AUTOS = YES_AGGRESSIVE;
				GCC_WARN_UNUSED_FUNCTION = YES;
				GCC_WARN_UNUSED_VARIABLE = YES;
				IPHONEOS_DEPLOYMENT_TARGET = 9.3;
				MTL_ENABLE_DEBUG_INFO = NO;
				SDKROOT = iphoneos;
				VALIDATE_PRODUCT = YES;
			};
			name = Release;
		};
		683D9DFF1D547DEB007B994F /* Debug */ = {
			isa = XCBuildConfiguration;
			buildSettings = {
				ASSETCATALOG_COMPILER_APPICON_NAME = AppIcon;
				INFOPLIST_FILE = "Runtime动态添加属性/Info.plist";
				LD_RUNPATH_SEARCH_PATHS = "$(inherited) @executable_path/Frameworks";
				PRODUCT_BUNDLE_IDENTIFIER = "Codeliu.Fire.Runtime------";
				PRODUCT_NAME = "$(TARGET_NAME)";
			};
			name = Debug;
		};
		683D9E001D547DEB007B994F /* Release */ = {
			isa = XCBuildConfiguration;
			buildSettings = {
				ASSETCATALOG_COMPILER_APPICON_NAME = AppIcon;
				INFOPLIST_FILE = "Runtime动态添加属性/Info.plist";
				LD_RUNPATH_SEARCH_PATHS = "$(inherited) @executable_path/Frameworks";
				PRODUCT_BUNDLE_IDENTIFIER = "Codeliu.Fire.Runtime------";
				PRODUCT_NAME = "$(TARGET_NAME)";
			};
			name = Release;
		};
		683D9E021D547DEB007B994F /* Debug */ = {
			isa = XCBuildConfiguration;
			buildSettings = {
				BUNDLE_LOADER = "$(TEST_HOST)";
				INFOPLIST_FILE = "Runtime动态添加属性Tests/Info.plist";
				LD_RUNPATH_SEARCH_PATHS = "$(inherited) @executable_path/Frameworks @loader_path/Frameworks";
				PRODUCT_BUNDLE_IDENTIFIER = "Codeliu.Fire.Runtime------Tests";
				PRODUCT_NAME = "$(TARGET_NAME)";
				TEST_HOST = "$(BUILT_PRODUCTS_DIR)/Runtime动态添加属性.app/Runtime动态添加属性";
			};
			name = Debug;
		};
		683D9E031D547DEB007B994F /* Release */ = {
			isa = XCBuildConfiguration;
			buildSettings = {
				BUNDLE_LOADER = "$(TEST_HOST)";
				INFOPLIST_FILE = "Runtime动态添加属性Tests/Info.plist";
				LD_RUNPATH_SEARCH_PATHS = "$(inherited) @executable_path/Frameworks @loader_path/Frameworks";
				PRODUCT_BUNDLE_IDENTIFIER = "Codeliu.Fire.Runtime------Tests";
				PRODUCT_NAME = "$(TARGET_NAME)";
				TEST_HOST = "$(BUILT_PRODUCTS_DIR)/Runtime动态添加属性.app/Runtime动态添加属性";
			};
			name = Release;
		};
		683D9E051D547DEB007B994F /* Debug */ = {
			isa = XCBuildConfiguration;
			buildSettings = {
				INFOPLIST_FILE = "Runtime动态添加属性UITests/Info.plist";
				LD_RUNPATH_SEARCH_PATHS = "$(inherited) @executable_path/Frameworks @loader_path/Frameworks";
				PRODUCT_BUNDLE_IDENTIFIER = "Codeliu.Fire.Runtime------UITests";
				PRODUCT_NAME = "$(TARGET_NAME)";
				TEST_TARGET_NAME = "Runtime动态添加属性";
			};
			name = Debug;
		};
		683D9E061D547DEB007B994F /* Release */ = {
			isa = XCBuildConfiguration;
			buildSettings = {
				INFOPLIST_FILE = "Runtime动态添加属性UITests/Info.plist";
				LD_RUNPATH_SEARCH_PATHS = "$(inherited) @executable_path/Frameworks @loader_path/Frameworks";
				PRODUCT_BUNDLE_IDENTIFIER = "Codeliu.Fire.Runtime------UITests";
				PRODUCT_NAME = "$(TARGET_NAME)";
				TEST_TARGET_NAME = "Runtime动态添加属性";
			};
			name = Release;
		};
/* End XCBuildConfiguration section */

/* Begin XCConfigurationList section */
		683D9DCC1D547DEB007B994F /* Build configuration list for PBXProject "Runtime动态添加属性" */ = {
			isa = XCConfigurationList;
			buildConfigurations = (
				683D9DFC1D547DEB007B994F /* Debug */,
				683D9DFD1D547DEB007B994F /* Release */,
			);
			defaultConfigurationIsVisible = 0;
			defaultConfigurationName = Release;
		};
		683D9DFE1D547DEB007B994F /* Build configuration list for PBXNativeTarget "Runtime动态添加属性" */ = {
			isa = XCConfigurationList;
			buildConfigurations = (
				683D9DFF1D547DEB007B994F /* Debug */,
				683D9E001D547DEB007B994F /* Release */,
			);
			defaultConfigurationIsVisible = 0;
			defaultConfigurationName = Release;
		};
		683D9E011D547DEB007B994F /* Build configuration list for PBXNativeTarget "Runtime动态添加属性Tests" */ = {
			isa = XCConfigurationList;
			buildConfigurations = (
				683D9E021D547DEB007B994F /* Debug */,
				683D9E031D547DEB007B994F /* Release */,
			);
			defaultConfigurationIsVisible = 0;
			defaultConfigurationName = Release;
		};
		683D9E041D547DEB007B994F /* Build configuration list for PBXNativeTarget "Runtime动态添加属性UITests" */ = {
			isa = XCConfigurationList;
			buildConfigurations = (
				683D9E051D547DEB007B994F /* Debug */,
				683D9E061D547DEB007B994F /* Release */,
			);
			defaultConfigurationIsVisible = 0;
			defaultConfigurationName = Release;
		};
/* End XCConfigurationList section */
	};
	rootObject = 683D9DC91D547DEB007B994F /* Project object */;
}
